// !$*UTF8*$!
{
	archiveVersion = 1;
	classes = {
	};
	objectVersion = 46;
	objects = {

/* Begin PBXBuildFile section */
		365474191A2ED01800357D1A /* AppDelegate.swift in Sources */ = {isa = PBXBuildFile; fileRef = 365474181A2ED01800357D1A /* AppDelegate.swift */; };
		3654741B1A2ED01800357D1A /* ViewController.swift in Sources */ = {isa = PBXBuildFile; fileRef = 3654741A1A2ED01800357D1A /* ViewController.swift */; };
		3654741E1A2ED01800357D1A /* Main.storyboard in Resources */ = {isa = PBXBuildFile; fileRef = 3654741C1A2ED01800357D1A /* Main.storyboard */; };
		365474201A2ED01800357D1A /* Images.xcassets in Resources */ = {isa = PBXBuildFile; fileRef = 3654741F1A2ED01800357D1A /* Images.xcassets */; };
		365474231A2ED01800357D1A /* LaunchScreen.xib in Resources */ = {isa = PBXBuildFile; fileRef = 365474211A2ED01800357D1A /* LaunchScreen.xib */; };
		3654742F1A2ED01800357D1A /* testTests.swift in Sources */ = {isa = PBXBuildFile; fileRef = 3654742E1A2ED01800357D1A /* testTests.swift */; };
/* End PBXBuildFile section */

/* Begin PBXContainerItemProxy section */
		365474291A2ED01800357D1A /* PBXContainerItemProxy */ = {
			isa = PBXContainerItemProxy;
			containerPortal = 3654740B1A2ED01800357D1A /* Project object */;
			proxyType = 1;
			remoteGlobalIDString = 365474121A2ED01800357D1A;
			remoteInfo = test;
		};
/* End PBXContainerItemProxy section */

/* Begin PBXFileReference section */
		365474131A2ED01800357D1A /* test.app */ = {isa = PBXFileReference; explicitFileType = wrapper.application; includeInIndex = 0; path = test.app; sourceTree = BUILT_PRODUCTS_DIR; };
		365474171A2ED01800357D1A /* Info.plist */ = {isa = PBXFileReference; lastKnownFileType = text.plist.xml; path = Info.plist; sourceTree = "<group>"; };
		365474181A2ED01800357D1A /* AppDelegate.swift */ = {isa = PBXFileReference; lastKnownFileType = sourcecode.swift; path = AppDelegate.swift; sourceTree = "<group>"; };
		3654741A1A2ED01800357D1A /* ViewController.swift */ = {isa = PBXFileReference; lastKnownFileType = sourcecode.swift; path = ViewController.swift; sourceTree = "<group>"; };
		3654741D1A2ED01800357D1A /* Base */ = {isa = PBXFileReference; lastKnownFileType = file.storyboard; name = Base; path = Base.lproj/Main.storyboard; sourceTree = "<group>"; };
		3654741F1A2ED01800357D1A /* Images.xcassets */ = {isa = PBXFileReference; lastKnownFileType = folder.assetcatalog; path = Images.xcassets; sourceTree = "<group>"; };
		365474221A2ED01800357D1A /* Base */ = {isa = PBXFileReference; lastKnownFileType = file.xib; name = Base; path = Base.lproj/LaunchScreen.xib; sourceTree = "<group>"; };
		365474281A2ED01800357D1A /* testTests.xctest */ = {isa = PBXFileReference; explicitFileType = wrapper.cfbundle; includeInIndex = 0; path = testTests.xctest; sourceTree = BUILT_PRODUCTS_DIR; };
		3654742D1A2ED01800357D1A /* Info.plist */ = {isa = PBXFileReference; lastKnownFileType = text.plist.xml; path = Info.plist; sourceTree = "<group>"; };
		3654742E1A2ED01800357D1A /* testTests.swift */ = {isa = PBXFileReference; lastKnownFileType = sourcecode.swift; path = testTests.swift; sourceTree = "<group>"; };
/* End PBXFileReference section */

/* Begin PBXFrameworksBuildPhase section */
		365474101A2ED01800357D1A /* Frameworks */ = {
			isa = PBXFrameworksBuildPhase;
			buildActionMask = 2147483647;
			files = (
			);
			runOnlyForDeploymentPostprocessing = 0;
		};
		365474251A2ED01800357D1A /* Frameworks */ = {
			isa = PBXFrameworksBuildPhase;
			buildActionMask = 2147483647;
			files = (
			);
			runOnlyForDeploymentPostprocessing = 0;
		};
/* End PBXFrameworksBuildPhase section */

/* Begin PBXGroup section */
		3654740A1A2ED01800357D1A = {
			isa = PBXGroup;
			children = (
				365474151A2ED01800357D1A /* test */,
				3654742B1A2ED01800357D1A /* testTests */,
				365474141A2ED01800357D1A /* Products */,
			);
			sourceTree = "<group>";
		};
		365474141A2ED01800357D1A /* Products */ = {
			isa = PBXGroup;
			children = (
				365474131A2ED01800357D1A /* test.app */,
				365474281A2ED01800357D1A /* testTests.xctest */,
			);
			name = Products;
			sourceTree = "<group>";
		};
		365474151A2ED01800357D1A /* test */ = {
			isa = PBXGroup;
			children = (
				365474181A2ED01800357D1A /* AppDelegate.swift */,
				3654741A1A2ED01800357D1A /* ViewController.swift */,
				3654741C1A2ED01800357D1A /* Main.storyboard */,
				3654741F1A2ED01800357D1A /* Images.xcassets */,
				365474211A2ED01800357D1A /* LaunchScreen.xib */,
				365474161A2ED01800357D1A /* Supporting Files */,
			);
			path = test;
			sourceTree = "<group>";
		};
		365474161A2ED01800357D1A /* Supporting Files */ = {
			isa = PBXGroup;
			children = (
				365474171A2ED01800357D1A /* Info.plist */,
			);
			name = "Supporting Files";
			sourceTree = "<group>";
		};
		3654742B1A2ED01800357D1A /* testTests */ = {
			isa = PBXGroup;
			children = (
				3654742E1A2ED01800357D1A /* testTests.swift */,
				3654742C1A2ED01800357D1A /* Supporting Files */,
			);
			path = testTests;
			sourceTree = "<group>";
		};
		3654742C1A2ED01800357D1A /* Supporting Files */ = {
			isa = PBXGroup;
			children = (
				3654742D1A2ED01800357D1A /* Info.plist */,
			);
			name = "Supporting Files";
			sourceTree = "<group>";
		};
/* End PBXGroup section */

/* Begin PBXNativeTarget section */
		365474121A2ED01800357D1A /* test */ = {
			isa = PBXNativeTarget;
			buildConfigurationList = 365474321A2ED01800357D1A /* Build configuration list for PBXNativeTarget "test" */;
			buildPhases = (
				3654740F1A2ED01800357D1A /* Sources */,
				365474101A2ED01800357D1A /* Frameworks */,
				365474111A2ED01800357D1A /* Resources */,
			);
			buildRules = (
			);
			dependencies = (
			);
			name = test;
			productName = test;
			productReference = 365474131A2ED01800357D1A /* test.app */;
			productType = "com.apple.product-type.application";
		};
		365474271A2ED01800357D1A /* testTests */ = {
			isa = PBXNativeTarget;
			buildConfigurationList = 365474351A2ED01800357D1A /* Build configuration list for PBXNativeTarget "testTests" */;
			buildPhases = (
				365474241A2ED01800357D1A /* Sources */,
				365474251A2ED01800357D1A /* Frameworks */,
				365474261A2ED01800357D1A /* Resources */,
			);
			buildRules = (
			);
			dependencies = (
				3654742A1A2ED01800357D1A /* PBXTargetDependency */,
			);
			name = testTests;
			productName = testTests;
			productReference = 365474281A2ED01800357D1A /* testTests.xctest */;
			productType = "com.apple.product-type.bundle.unit-test";
		};
/* End PBXNativeTarget section */

/* Begin PBXProject section */
		3654740B1A2ED01800357D1A /* Project object */ = {
			isa = PBXProject;
			attributes = {
				LastUpgradeCheck = 0610;
				ORGANIZATIONNAME = "Shuang Wang";
				TargetAttributes = {
					365474121A2ED01800357D1A = {
						CreatedOnToolsVersion = 6.1.1;
					};
					365474271A2ED01800357D1A = {
						CreatedOnToolsVersion = 6.1.1;
						TestTargetID = 365474121A2ED01800357D1A;
					};
				};
			};
			buildConfigurationList = 3654740E1A2ED01800357D1A /* Build configuration list for PBXProject "test" */;
			compatibilityVersion = "Xcode 3.2";
			developmentRegion = English;
			hasScannedForEncodings = 0;
			knownRegions = (
				en,
				Base,
			);
			mainGroup = 3654740A1A2ED01800357D1A;
			productRefGroup = 365474141A2ED01800357D1A /* Products */;
			projectDirPath = "";
			projectRoot = "";
			targets = (
				365474121A2ED01800357D1A /* test */,
				365474271A2ED01800357D1A /* testTests */,
			);
		};
/* End PBXProject section */

/* Begin PBXResourcesBuildPhase section */
		365474111A2ED01800357D1A /* Resources */ = {
			isa = PBXResourcesBuildPhase;
			buildActionMask = 2147483647;
			files = (
				3654741E1A2ED01800357D1A /* Main.storyboard in Resources */,
				365474231A2ED01800357D1A /* LaunchScreen.xib in Resources */,
				365474201A2ED01800357D1A /* Images.xcassets in Resources */,
			);
			runOnlyForDeploymentPostprocessing = 0;
		};
		365474261A2ED01800357D1A /* Resources */ = {
			isa = PBXResourcesBuildPhase;
			buildActionMask = 2147483647;
			files = (
			);
			runOnlyForDeploymentPostprocessing = 0;
		};
/* End PBXResourcesBuildPhase section */

/* Begin PBXSourcesBuildPhase section */
		3654740F1A2ED01800357D1A /* Sources */ = {
			isa = PBXSourcesBuildPhase;
			buildActionMask = 2147483647;
			files = (
				3654741B1A2ED01800357D1A /* ViewController.swift in Sources */,
				365474191A2ED01800357D1A /* AppDelegate.swift in Sources */,
			);
			runOnlyForDeploymentPostprocessing = 0;
		};
		365474241A2ED01800357D1A /* Sources */ = {
			isa = PBXSourcesBuildPhase;
			buildActionMask = 2147483647;
			files = (
				3654742F1A2ED01800357D1A /* testTests.swift in Sources */,
			);
			runOnlyForDeploymentPostprocessing = 0;
		};
/* End PBXSourcesBuildPhase section */

/* Begin PBXTargetDependency section */
		3654742A1A2ED01800357D1A /* PBXTargetDependency */ = {
			isa = PBXTargetDependency;
			target = 365474121A2ED01800357D1A /* test */;
			targetProxy = 365474291A2ED01800357D1A /* PBXContainerItemProxy */;
		};
/* End PBXTargetDependency section */

/* Begin PBXVariantGroup section */
		3654741C1A2ED01800357D1A /* Main.storyboard */ = {
			isa = PBXVariantGroup;
			children = (
				3654741D1A2ED01800357D1A /* Base */,
			);
			name = Main.storyboard;
			sourceTree = "<group>";
		};
		365474211A2ED01800357D1A /* LaunchScreen.xib */ = {
			isa = PBXVariantGroup;
			children = (
				365474221A2ED01800357D1A /* Base */,
			);
			name = LaunchScreen.xib;
			sourceTree = "<group>";
		};
/* End PBXVariantGroup section */

/* Begin XCBuildConfiguration section */
		365474301A2ED01800357D1A /* Debug */ = {
			isa = XCBuildConfiguration;
			buildSettings = {
				ALWAYS_SEARCH_USER_PATHS = NO;
				CLANG_CXX_LANGUAGE_STANDARD = "gnu++0x";
				CLANG_CXX_LIBRARY = "libc++";
				CLANG_ENABLE_MODULES = YES;
				CLANG_ENABLE_OBJC_ARC = YES;
				CLANG_WARN_BOOL_CONVERSION = YES;
				CLANG_WARN_CONSTANT_CONVERSION = YES;
				CLANG_WARN_DIRECT_OBJC_ISA_USAGE = YES_ERROR;
				CLANG_WARN_EMPTY_BODY = YES;
				CLANG_WARN_ENUM_CONVERSION = YES;
				CLANG_WARN_INT_CONVERSION = YES;
				CLANG_WARN_OBJC_ROOT_CLASS = YES_ERROR;
				CLANG_WARN_UNREACHABLE_CODE = YES;
				CLANG_WARN__DUPLICATE_METHOD_MATCH = YES;
				"CODE_SIGN_IDENTITY[sdk=iphoneos*]" = "iPhone Developer";
				COPY_PHASE_STRIP = NO;
				ENABLE_STRICT_OBJC_MSGSEND = YES;
				GCC_C_LANGUAGE_STANDARD = gnu99;
				GCC_DYNAMIC_NO_PIC = NO;
				GCC_OPTIMIZATION_LEVEL = 0;
				GCC_PREPROCESSOR_DEFINITIONS = (
					"DEBUG=1",
					"$(inherited)",
				);
				GCC_SYMBOLS_PRIVATE_EXTERN = NO;
				GCC_WARN_64_TO_32_BIT_CONVERSION = YES;
				GCC_WARN_ABOUT_RETURN_TYPE = YES_ERROR;
				GCC_WARN_UNDECLARED_SELECTOR = YES;
				GCC_WARN_UNINITIALIZED_AUTOS = YES_AGGRESSIVE;
				GCC_WARN_UNUSED_FUNCTION = YES;
				GCC_WARN_UNUSED_VARIABLE = YES;
				IPHONEOS_DEPLOYMENT_TARGET = 8.1;
				MTL_ENABLE_DEBUG_INFO = YES;
				ONLY_ACTIVE_ARCH = YES;
				SDKROOT = iphoneos;
				SWIFT_OPTIMIZATION_LEVEL = "-Onone";
				TARGETED_DEVICE_FAMILY = "1,2";
			};
			name = Debug;
		};
		365474311A2ED01800357D1A /* Release */ = {
			isa = XCBuildConfiguration;
			buildSettings = {
				ALWAYS_SEARCH_USER_PATHS = NO;
				CLANG_CXX_LANGUAGE_STANDARD = "gnu++0x";
				CLANG_CXX_LIBRARY = "libc++";
				CLANG_ENABLE_MODULES = YES;
				CLANG_ENABLE_OBJC_ARC = YES;
				CLANG_WARN_BOOL_CONVERSION = YES;
				CLANG_WARN_CONSTANT_CONVERSION = YES;
				CLANG_WARN_DIRECT_OBJC_ISA_USAGE = YES_ERROR;
				CLANG_WARN_EMPTY_BODY = YES;
				CLANG_WARN_ENUM_CONVERSION = YES;
				CLANG_WARN_INT_CONVERSION = YES;
				CLANG_WARN_OBJC_ROOT_CLASS = YES_ERROR;
				CLANG_WARN_UNREACHABLE_CODE = YES;
				CLANG_WARN__DUPLICATE_METHOD_MATCH = YES;
				"CODE_SIGN_IDENTITY[sdk=iphoneos*]" = "iPhone Developer";
				COPY_PHASE_STRIP = YES;
				ENABLE_NS_ASSERTIONS = NO;
				ENABLE_STRICT_OBJC_MSGSEND = YES;
				GCC_C_LANGUAGE_STANDARD = gnu99;
				GCC_WARN_64_TO_32_BIT_CONVERSION = YES;
				GCC_WARN_ABOUT_RETURN_TYPE = YES_ERROR;
				GCC_WARN_UNDECLARED_SELECTOR = YES;
				GCC_WARN_UNINITIALIZED_AUTOS = YES_AGGRESSIVE;
				GCC_WARN_UNUSED_FUNCTION = YES;
				GCC_WARN_UNUSED_VARIABLE = YES;
				IPHONEOS_DEPLOYMENT_TARGET = 8.1;
				MTL_ENABLE_DEBUG_INFO = NO;
				SDKROOT = iphoneos;
				TARGETED_DEVICE_FAMILY = "1,2";
				VALIDATE_PRODUCT = YES;
			};
			name = Release;
		};
		365474331A2ED01800357D1A /* Debug */ = {
			isa = XCBuildConfiguration;
			buildSettings = {
				ASSETCATALOG_COMPILER_APPICON_NAME = AppIcon;
				INFOPLIST_FILE = test/Info.plist;
				LD_RUNPATH_SEARCH_PATHS = "$(inherited) @executable_path/Frameworks";
				PRODUCT_NAME = "$(TARGET_NAME)";
			};
			name = Debug;
		};
		365474341A2ED01800357D1A /* Release */ = {
			isa = XCBuildConfiguration;
			buildSettings = {
				ASSETCATALOG_COMPILER_APPICON_NAME = AppIcon;
				INFOPLIST_FILE = test/Info.plist;
				LD_RUNPATH_SEARCH_PATHS = "$(inherited) @executable_path/Frameworks";
				PRODUCT_NAME = "$(TARGET_NAME)";
			};
			name = Release;
		};
		365474361A2ED01800357D1A /* Debug */ = {
			isa = XCBuildConfiguration;
			buildSettings = {
				BUNDLE_LOADER = "$(TEST_HOST)";
				FRAMEWORK_SEARCH_PATHS = (
					"$(SDKROOT)/Developer/Library/Frameworks",
					"$(inherited)",
				);
				GCC_PREPROCESSOR_DEFINITIONS = (
					"DEBUG=1",
					"$(inherited)",
				);
				INFOPLIST_FILE = testTests/Info.plist;
				LD_RUNPATH_SEARCH_PATHS = "$(inherited) @executable_path/Frameworks @loader_path/Frameworks";
				PRODUCT_NAME = "$(TARGET_NAME)";
				TEST_HOST = "$(BUILT_PRODUCTS_DIR)/test.app/test";
			};
			name = Debug;
		};
		365474371A2ED01800357D1A /* Release */ = {
			isa = XCBuildConfiguration;
			buildSettings = {
				BUNDLE_LOADER = "$(TEST_HOST)";
				FRAMEWORK_SEARCH_PATHS = (
					"$(SDKROOT)/Developer/Library/Frameworks",
					"$(inherited)",
				);
				INFOPLIST_FILE = testTests/Info.plist;
				LD_RUNPATH_SEARCH_PATHS = "$(inherited) @executable_path/Frameworks @loader_path/Frameworks";
				PRODUCT_NAME = "$(TARGET_NAME)";
				TEST_HOST = "$(BUILT_PRODUCTS_DIR)/test.app/test";
			};
			name = Release;
		};
/* End XCBuildConfiguration section */

/* Begin XCConfigurationList section */
		3654740E1A2ED01800357D1A /* Build configuration list for PBXProject "test" */ = {
			isa = XCConfigurationList;
			buildConfigurations = (
				365474301A2ED01800357D1A /* Debug */,
				365474311A2ED01800357D1A /* Release */,
			);
			defaultConfigurationIsVisible = 0;
			defaultConfigurationName = Release;
		};
		365474321A2ED01800357D1A /* Build configuration list for PBXNativeTarget "test" */ = {
			isa = XCConfigurationList;
			buildConfigurations = (
				365474331A2ED01800357D1A /* Debug */,
				365474341A2ED01800357D1A /* Release */,
			);
			defaultConfigurationIsVisible = 0;
		};
		365474351A2ED01800357D1A /* Build configuration list for PBXNativeTarget "testTests" */ = {
			isa = XCConfigurationList;
			buildConfigurations = (
				365474361A2ED01800357D1A /* Debug */,
				365474371A2ED01800357D1A /* Release */,
			);
			defaultConfigurationIsVisible = 0;
		};
/* End XCConfigurationList section */
	};
	rootObject = 3654740B1A2ED01800357D1A /* Project object */;
}
